// !$*UTF8*$!
{
	archiveVersion = 1;
	classes = {
	};
	objectVersion = 50;
	objects = {

/* Begin PBXBuildFile section */
		078C2DBB237630810060260A /* AppDelegate.swift in Sources */ = {isa = PBXBuildFile; fileRef = 078C2DBA237630810060260A /* AppDelegate.swift */; };
		078C2DBD237630810060260A /* SceneDelegate.swift in Sources */ = {isa = PBXBuildFile; fileRef = 078C2DBC237630810060260A /* SceneDelegate.swift */; };
		078C2DBF237630810060260A /* ContentView.swift in Sources */ = {isa = PBXBuildFile; fileRef = 078C2DBE237630810060260A /* ContentView.swift */; };
		078C2DC1237630820060260A /* Assets.xcassets in Resources */ = {isa = PBXBuildFile; fileRef = 078C2DC0237630820060260A /* Assets.xcassets */; };
		078C2DC4237630820060260A /* Preview Assets.xcassets in Resources */ = {isa = PBXBuildFile; fileRef = 078C2DC3237630820060260A /* Preview Assets.xcassets */; };
		078C2DC7237630820060260A /* LaunchScreen.storyboard in Resources */ = {isa = PBXBuildFile; fileRef = 078C2DC5237630820060260A /* LaunchScreen.storyboard */; };
		078C2DD2237630820060260A /* playTests.swift in Sources */ = {isa = PBXBuildFile; fileRef = 078C2DD1237630820060260A /* playTests.swift */; };
		078C2DDD237630820060260A /* playUITests.swift in Sources */ = {isa = PBXBuildFile; fileRef = 078C2DDC237630820060260A /* playUITests.swift */; };
/* End PBXBuildFile section */

/* Begin PBXContainerItemProxy section */
		078C2DCE237630820060260A /* PBXContainerItemProxy */ = {
			isa = PBXContainerItemProxy;
			containerPortal = 078C2DAF237630810060260A /* Project object */;
			proxyType = 1;
			remoteGlobalIDString = 078C2DB6237630810060260A;
			remoteInfo = play;
		};
		078C2DD9237630820060260A /* PBXContainerItemProxy */ = {
			isa = PBXContainerItemProxy;
			containerPortal = 078C2DAF237630810060260A /* Project object */;
			proxyType = 1;
			remoteGlobalIDString = 078C2DB6237630810060260A;
			remoteInfo = play;
		};
/* End PBXContainerItemProxy section */

/* Begin PBXFileReference section */
		078C2DB7237630810060260A /* play.app */ = {isa = PBXFileReference; explicitFileType = wrapper.application; includeInIndex = 0; path = play.app; sourceTree = BUILT_PRODUCTS_DIR; };
		078C2DBA237630810060260A /* AppDelegate.swift */ = {isa = PBXFileReference; lastKnownFileType = sourcecode.swift; path = AppDelegate.swift; sourceTree = "<group>"; };
		078C2DBC237630810060260A /* SceneDelegate.swift */ = {isa = PBXFileReference; lastKnownFileType = sourcecode.swift; path = SceneDelegate.swift; sourceTree = "<group>"; };
		078C2DBE237630810060260A /* ContentView.swift */ = {isa = PBXFileReference; lastKnownFileType = sourcecode.swift; path = ContentView.swift; sourceTree = "<group>"; };
		078C2DC0237630820060260A /* Assets.xcassets */ = {isa = PBXFileReference; lastKnownFileType = folder.assetcatalog; path = Assets.xcassets; sourceTree = "<group>"; };
		078C2DC3237630820060260A /* Preview Assets.xcassets */ = {isa = PBXFileReference; lastKnownFileType = folder.assetcatalog; path = "Preview Assets.xcassets"; sourceTree = "<group>"; };
		078C2DC6237630820060260A /* Base */ = {isa = PBXFileReference; lastKnownFileType = file.storyboard; name = Base; path = Base.lproj/LaunchScreen.storyboard; sourceTree = "<group>"; };
		078C2DC8237630820060260A /* Info.plist */ = {isa = PBXFileReference; lastKnownFileType = text.plist.xml; path = Info.plist; sourceTree = "<group>"; };
		078C2DCD237630820060260A /* playTests.xctest */ = {isa = PBXFileReference; explicitFileType = wrapper.cfbundle; includeInIndex = 0; path = playTests.xctest; sourceTree = BUILT_PRODUCTS_DIR; };
		078C2DD1237630820060260A /* playTests.swift */ = {isa = PBXFileReference; lastKnownFileType = sourcecode.swift; path = playTests.swift; sourceTree = "<group>"; };
		078C2DD3237630820060260A /* Info.plist */ = {isa = PBXFileReference; lastKnownFileType = text.plist.xml; path = Info.plist; sourceTree = "<group>"; };
		078C2DD8237630820060260A /* playUITests.xctest */ = {isa = PBXFileReference; explicitFileType = wrapper.cfbundle; includeInIndex = 0; path = playUITests.xctest; sourceTree = BUILT_PRODUCTS_DIR; };
		078C2DDC237630820060260A /* playUITests.swift */ = {isa = PBXFileReference; lastKnownFileType = sourcecode.swift; path = playUITests.swift; sourceTree = "<group>"; };
		078C2DDE237630820060260A /* Info.plist */ = {isa = PBXFileReference; lastKnownFileType = text.plist.xml; path = Info.plist; sourceTree = "<group>"; };
/* End PBXFileReference section */

/* Begin PBXFrameworksBuildPhase section */
		078C2DB4237630810060260A /* Frameworks */ = {
			isa = PBXFrameworksBuildPhase;
			buildActionMask = 2147483647;
			files = (
			);
			runOnlyForDeploymentPostprocessing = 0;
		};
		078C2DCA237630820060260A /* Frameworks */ = {
			isa = PBXFrameworksBuildPhase;
			buildActionMask = 2147483647;
			files = (
			);
			runOnlyForDeploymentPostprocessing = 0;
		};
		078C2DD5237630820060260A /* Frameworks */ = {
			isa = PBXFrameworksBuildPhase;
			buildActionMask = 2147483647;
			files = (
			);
			runOnlyForDeploymentPostprocessing = 0;
		};
/* End PBXFrameworksBuildPhase section */

/* Begin PBXGroup section */
		078C2DAE237630810060260A = {
			isa = PBXGroup;
			children = (
				078C2DB9237630810060260A /* play */,
				078C2DD0237630820060260A /* playTests */,
				078C2DDB237630820060260A /* playUITests */,
				078C2DB8237630810060260A /* Products */,
			);
			sourceTree = "<group>";
		};
		078C2DB8237630810060260A /* Products */ = {
			isa = PBXGroup;
			children = (
				078C2DB7237630810060260A /* play.app */,
				078C2DCD237630820060260A /* playTests.xctest */,
				078C2DD8237630820060260A /* playUITests.xctest */,
			);
			name = Products;
			sourceTree = "<group>";
		};
		078C2DB9237630810060260A /* play */ = {
			isa = PBXGroup;
			children = (
				078C2DBA237630810060260A /* AppDelegate.swift */,
				078C2DBC237630810060260A /* SceneDelegate.swift */,
				078C2DBE237630810060260A /* ContentView.swift */,
				078C2DC0237630820060260A /* Assets.xcassets */,
				078C2DC5237630820060260A /* LaunchScreen.storyboard */,
				078C2DC8237630820060260A /* Info.plist */,
				078C2DC2237630820060260A /* Preview Content */,
			);
			path = play;
			sourceTree = "<group>";
		};
		078C2DC2237630820060260A /* Preview Content */ = {
			isa = PBXGroup;
			children = (
				078C2DC3237630820060260A /* Preview Assets.xcassets */,
			);
			path = "Preview Content";
			sourceTree = "<group>";
		};
		078C2DD0237630820060260A /* playTests */ = {
			isa = PBXGroup;
			children = (
				078C2DD1237630820060260A /* playTests.swift */,
				078C2DD3237630820060260A /* Info.plist */,
			);
			path = playTests;
			sourceTree = "<group>";
		};
		078C2DDB237630820060260A /* playUITests */ = {
			isa = PBXGroup;
			children = (
				078C2DDC237630820060260A /* playUITests.swift */,
				078C2DDE237630820060260A /* Info.plist */,
			);
			path = playUITests;
			sourceTree = "<group>";
		};
/* End PBXGroup section */

/* Begin PBXNativeTarget section */
		078C2DB6237630810060260A /* play */ = {
			isa = PBXNativeTarget;
			buildConfigurationList = 078C2DE1237630820060260A /* Build configuration list for PBXNativeTarget "play" */;
			buildPhases = (
				078C2DB3237630810060260A /* Sources */,
				078C2DB4237630810060260A /* Frameworks */,
				078C2DB5237630810060260A /* Resources */,
			);
			buildRules = (
			);
			dependencies = (
			);
			name = play;
			productName = play;
			productReference = 078C2DB7237630810060260A /* play.app */;
			productType = "com.apple.product-type.application";
		};
		078C2DCC237630820060260A /* playTests */ = {
			isa = PBXNativeTarget;
			buildConfigurationList = 078C2DE4237630820060260A /* Build configuration list for PBXNativeTarget "playTests" */;
			buildPhases = (
				078C2DC9237630820060260A /* Sources */,
				078C2DCA237630820060260A /* Frameworks */,
				078C2DCB237630820060260A /* Resources */,
			);
			buildRules = (
			);
			dependencies = (
				078C2DCF237630820060260A /* PBXTargetDependency */,
			);
			name = playTests;
			productName = playTests;
			productReference = 078C2DCD237630820060260A /* playTests.xctest */;
			productType = "com.apple.product-type.bundle.unit-test";
		};
		078C2DD7237630820060260A /* playUITests */ = {
			isa = PBXNativeTarget;
			buildConfigurationList = 078C2DE7237630820060260A /* Build configuration list for PBXNativeTarget "playUITests" */;
			buildPhases = (
				078C2DD4237630820060260A /* Sources */,
				078C2DD5237630820060260A /* Frameworks */,
				078C2DD6237630820060260A /* Resources */,
			);
			buildRules = (
			);
			dependencies = (
				078C2DDA237630820060260A /* PBXTargetDependency */,
			);
			name = playUITests;
			productName = playUITests;
			productReference = 078C2DD8237630820060260A /* playUITests.xctest */;
			productType = "com.apple.product-type.bundle.ui-testing";
		};
/* End PBXNativeTarget section */

/* Begin PBXProject section */
		078C2DAF237630810060260A /* Project object */ = {
			isa = PBXProject;
			attributes = {
				LastSwiftUpdateCheck = 1120;
				LastUpgradeCheck = 1120;
				ORGANIZATIONNAME = OK2Save;
				TargetAttributes = {
					078C2DB6237630810060260A = {
						CreatedOnToolsVersion = 11.2;
					};
					078C2DCC237630820060260A = {
						CreatedOnToolsVersion = 11.2;
						TestTargetID = 078C2DB6237630810060260A;
					};
					078C2DD7237630820060260A = {
						CreatedOnToolsVersion = 11.2;
						TestTargetID = 078C2DB6237630810060260A;
					};
				};
			};
			buildConfigurationList = 078C2DB2237630810060260A /* Build configuration list for PBXProject "play" */;
			compatibilityVersion = "Xcode 9.3";
			developmentRegion = en;
			hasScannedForEncodings = 0;
			knownRegions = (
				en,
				Base,
			);
			mainGroup = 078C2DAE237630810060260A;
			productRefGroup = 078C2DB8237630810060260A /* Products */;
			projectDirPath = "";
			projectRoot = "";
			targets = (
				078C2DB6237630810060260A /* play */,
				078C2DCC237630820060260A /* playTests */,
				078C2DD7237630820060260A /* playUITests */,
			);
		};
/* End PBXProject section */

/* Begin PBXResourcesBuildPhase section */
		078C2DB5237630810060260A /* Resources */ = {
			isa = PBXResourcesBuildPhase;
			buildActionMask = 2147483647;
			files = (
				078C2DC7237630820060260A /* LaunchScreen.storyboard in Resources */,
				078C2DC4237630820060260A /* Preview Assets.xcassets in Resources */,
				078C2DC1237630820060260A /* Assets.xcassets in Resources */,
			);
			runOnlyForDeploymentPostprocessing = 0;
		};
		078C2DCB237630820060260A /* Resources */ = {
			isa = PBXResourcesBuildPhase;
			buildActionMask = 2147483647;
			files = (
			);
			runOnlyForDeploymentPostprocessing = 0;
		};
		078C2DD6237630820060260A /* Resources */ = {
			isa = PBXResourcesBuildPhase;
			buildActionMask = 2147483647;
			files = (
			);
			runOnlyForDeploymentPostprocessing = 0;
		};
/* End PBXResourcesBuildPhase section */

/* Begin PBXSourcesBuildPhase section */
		078C2DB3237630810060260A /* Sources */ = {
			isa = PBXSourcesBuildPhase;
			buildActionMask = 2147483647;
			files = (
				078C2DBB237630810060260A /* AppDelegate.swift in Sources */,
				078C2DBD237630810060260A /* SceneDelegate.swift in Sources */,
				078C2DBF237630810060260A /* ContentView.swift in Sources */,
			);
			runOnlyForDeploymentPostprocessing = 0;
		};
		078C2DC9237630820060260A /* Sources */ = {
			isa = PBXSourcesBuildPhase;
			buildActionMask = 2147483647;
			files = (
				078C2DD2237630820060260A /* playTests.swift in Sources */,
			);
			runOnlyForDeploymentPostprocessing = 0;
		};
		078C2DD4237630820060260A /* Sources */ = {
			isa = PBXSourcesBuildPhase;
			buildActionMask = 2147483647;
			files = (
				078C2DDD237630820060260A /* playUITests.swift in Sources */,
			);
			runOnlyForDeploymentPostprocessing = 0;
		};
/* End PBXSourcesBuildPhase section */

/* Begin PBXTargetDependency section */
		078C2DCF237630820060260A /* PBXTargetDependency */ = {
			isa = PBXTargetDependency;
			target = 078C2DB6237630810060260A /* play */;
			targetProxy = 078C2DCE237630820060260A /* PBXContainerItemProxy */;
		};
		078C2DDA237630820060260A /* PBXTargetDependency */ = {
			isa = PBXTargetDependency;
			target = 078C2DB6237630810060260A /* play */;
			targetProxy = 078C2DD9237630820060260A /* PBXContainerItemProxy */;
		};
/* End PBXTargetDependency section */

/* Begin PBXVariantGroup section */
		078C2DC5237630820060260A /* LaunchScreen.storyboard */ = {
			isa = PBXVariantGroup;
			children = (
				078C2DC6237630820060260A /* Base */,
			);
			name = LaunchScreen.storyboard;
			sourceTree = "<group>";
		};
/* End PBXVariantGroup section */

/* Begin XCBuildConfiguration section */
		078C2DDF237630820060260A /* Debug */ = {
			isa = XCBuildConfiguration;
			buildSettings = {
				ALWAYS_SEARCH_USER_PATHS = NO;
				CLANG_ANALYZER_NONNULL = YES;
				CLANG_ANALYZER_NUMBER_OBJECT_CONVERSION = YES_AGGRESSIVE;
				CLANG_CXX_LANGUAGE_STANDARD = "gnu++14";
				CLANG_CXX_LIBRARY = "libc++";
				CLANG_ENABLE_MODULES = YES;
				CLANG_ENABLE_OBJC_ARC = YES;
				CLANG_ENABLE_OBJC_WEAK = YES;
				CLANG_WARN_BLOCK_CAPTURE_AUTORELEASING = YES;
				CLANG_WARN_BOOL_CONVERSION = YES;
				CLANG_WARN_COMMA = YES;
				CLANG_WARN_CONSTANT_CONVERSION = YES;
				CLANG_WARN_DEPRECATED_OBJC_IMPLEMENTATIONS = YES;
				CLANG_WARN_DIRECT_OBJC_ISA_USAGE = YES_ERROR;
				CLANG_WARN_DOCUMENTATION_COMMENTS = YES;
				CLANG_WARN_EMPTY_BODY = YES;
				CLANG_WARN_ENUM_CONVERSION = YES;
				CLANG_WARN_INFINITE_RECURSION = YES;
				CLANG_WARN_INT_CONVERSION = YES;
				CLANG_WARN_NON_LITERAL_NULL_CONVERSION = YES;
				CLANG_WARN_OBJC_IMPLICIT_RETAIN_SELF = YES;
				CLANG_WARN_OBJC_LITERAL_CONVERSION = YES;
				CLANG_WARN_OBJC_ROOT_CLASS = YES_ERROR;
				CLANG_WARN_RANGE_LOOP_ANALYSIS = YES;
				CLANG_WARN_STRICT_PROTOTYPES = YES;
				CLANG_WARN_SUSPICIOUS_MOVE = YES;
				CLANG_WARN_UNGUARDED_AVAILABILITY = YES_AGGRESSIVE;
				CLANG_WARN_UNREACHABLE_CODE = YES;
				CLANG_WARN__DUPLICATE_METHOD_MATCH = YES;
				COPY_PHASE_STRIP = NO;
				DEBUG_INFORMATION_FORMAT = dwarf;
				ENABLE_STRICT_OBJC_MSGSEND = YES;
				ENABLE_TESTABILITY = YES;
				GCC_C_LANGUAGE_STANDARD = gnu11;
				GCC_DYNAMIC_NO_PIC = NO;
				GCC_NO_COMMON_BLOCKS = YES;
				GCC_OPTIMIZATION_LEVEL = 0;
				GCC_PREPROCESSOR_DEFINITIONS = (
					"DEBUG=1",
					"$(inherited)",
				);
				GCC_WARN_64_TO_32_BIT_CONVERSION = YES;
				GCC_WARN_ABOUT_RETURN_TYPE = YES_ERROR;
				GCC_WARN_UNDECLARED_SELECTOR = YES;
				GCC_WARN_UNINITIALIZED_AUTOS = YES_AGGRESSIVE;
				GCC_WARN_UNUSED_FUNCTION = YES;
				GCC_WARN_UNUSED_VARIABLE = YES;
				IPHONEOS_DEPLOYMENT_TARGET = 13.2;
				MTL_ENABLE_DEBUG_INFO = INCLUDE_SOURCE;
				MTL_FAST_MATH = YES;
				ONLY_ACTIVE_ARCH = YES;
				SDKROOT = iphoneos;
				SWIFT_ACTIVE_COMPILATION_CONDITIONS = DEBUG;
				SWIFT_OPTIMIZATION_LEVEL = "-Onone";
			};
			name = Debug;
		};
		078C2DE0237630820060260A /* Release */ = {
			isa = XCBuildConfiguration;
			buildSettings = {
				ALWAYS_SEARCH_USER_PATHS = NO;
				CLANG_ANALYZER_NONNULL = YES;
				CLANG_ANALYZER_NUMBER_OBJECT_CONVERSION = YES_AGGRESSIVE;
				CLANG_CXX_LANGUAGE_STANDARD = "gnu++14";
				CLANG_CXX_LIBRARY = "libc++";
				CLANG_ENABLE_MODULES = YES;
				CLANG_ENABLE_OBJC_ARC = YES;
				CLANG_ENABLE_OBJC_WEAK = YES;
				CLANG_WARN_BLOCK_CAPTURE_AUTORELEASING = YES;
				CLANG_WARN_BOOL_CONVERSION = YES;
				CLANG_WARN_COMMA = YES;
				CLANG_WARN_CONSTANT_CONVERSION = YES;
				CLANG_WARN_DEPRECATED_OBJC_IMPLEMENTATIONS = YES;
				CLANG_WARN_DIRECT_OBJC_ISA_USAGE = YES_ERROR;
				CLANG_WARN_DOCUMENTATION_COMMENTS = YES;
				CLANG_WARN_EMPTY_BODY = YES;
				CLANG_WARN_ENUM_CONVERSION = YES;
				CLANG_WARN_INFINITE_RECURSION = YES;
				CLANG_WARN_INT_CONVERSION = YES;
				CLANG_WARN_NON_LITERAL_NULL_CONVERSION = YES;
				CLANG_WARN_OBJC_IMPLICIT_RETAIN_SELF = YES;
				CLANG_WARN_OBJC_LITERAL_CONVERSION = YES;
				CLANG_WARN_OBJC_ROOT_CLASS = YES_ERROR;
				CLANG_WARN_RANGE_LOOP_ANALYSIS = YES;
				CLANG_WARN_STRICT_PROTOTYPES = YES;
				CLANG_WARN_SUSPICIOUS_MOVE = YES;
				CLANG_WARN_UNGUARDED_AVAILABILITY = YES_AGGRESSIVE;
				CLANG_WARN_UNREACHABLE_CODE = YES;
				CLANG_WARN__DUPLICATE_METHOD_MATCH = YES;
				COPY_PHASE_STRIP = NO;
				DEBUG_INFORMATION_FORMAT = "dwarf-with-dsym";
				ENABLE_NS_ASSERTIONS = NO;
				ENABLE_STRICT_OBJC_MSGSEND = YES;
				GCC_C_LANGUAGE_STANDARD = gnu11;
				GCC_NO_COMMON_BLOCKS = YES;
				GCC_WARN_64_TO_32_BIT_CONVERSION = YES;
				GCC_WARN_ABOUT_RETURN_TYPE = YES_ERROR;
				GCC_WARN_UNDECLARED_SELECTOR = YES;
				GCC_WARN_UNINITIALIZED_AUTOS = YES_AGGRESSIVE;
				GCC_WARN_UNUSED_FUNCTION = YES;
				GCC_WARN_UNUSED_VARIABLE = YES;
				IPHONEOS_DEPLOYMENT_TARGET = 13.2;
				MTL_ENABLE_DEBUG_INFO = NO;
				MTL_FAST_MATH = YES;
				SDKROOT = iphoneos;
				SWIFT_COMPILATION_MODE = wholemodule;
				SWIFT_OPTIMIZATION_LEVEL = "-O";
				VALIDATE_PRODUCT = YES;
			};
			name = Release;
		};
		078C2DE2237630820060260A /* Debug */ = {
			isa = XCBuildConfiguration;
			buildSettings = {
				ASSETCATALOG_COMPILER_APPICON_NAME = AppIcon;
				CODE_SIGN_STYLE = Automatic;
				DEVELOPMENT_ASSET_PATHS = "\"play/Preview Content\"";
				ENABLE_PREVIEWS = YES;
				INFOPLIST_FILE = play/Info.plist;
				LD_RUNPATH_SEARCH_PATHS = (
					"$(inherited)",
					"@executable_path/Frameworks",
				);
				PRODUCT_BUNDLE_IDENTIFIER = com.ok2save.play;
				PRODUCT_NAME = "$(TARGET_NAME)";
				SWIFT_VERSION = 5.0;
				TARGETED_DEVICE_FAMILY = "1,2";
			};
			name = Debug;
		};
		078C2DE3237630820060260A /* Release */ = {
			isa = XCBuildConfiguration;
			buildSettings = {
				ASSETCATALOG_COMPILER_APPICON_NAME = AppIcon;
				CODE_SIGN_STYLE = Automatic;
				DEVELOPMENT_ASSET_PATHS = "\"play/Preview Content\"";
				ENABLE_PREVIEWS = YES;
				INFOPLIST_FILE = play/Info.plist;
				LD_RUNPATH_SEARCH_PATHS = (
					"$(inherited)",
					"@executable_path/Frameworks",
				);
				PRODUCT_BUNDLE_IDENTIFIER = com.ok2save.play;
				PRODUCT_NAME = "$(TARGET_NAME)";
				SWIFT_VERSION = 5.0;
				TARGETED_DEVICE_FAMILY = "1,2";
			};
			name = Release;
		};
		078C2DE5237630820060260A /* Debug */ = {
			isa = XCBuildConfiguration;
			buildSettings = {
				ALWAYS_EMBED_SWIFT_STANDARD_LIBRARIES = YES;
				BUNDLE_LOADER = "$(TEST_HOST)";
				CODE_SIGN_STYLE = Automatic;
				INFOPLIST_FILE = playTests/Info.plist;
				IPHONEOS_DEPLOYMENT_TARGET = 13.2;
				LD_RUNPATH_SEARCH_PATHS = (
					"$(inherited)",
					"@executable_path/Frameworks",
					"@loader_path/Frameworks",
				);
				PRODUCT_BUNDLE_IDENTIFIER = com.ok2save.playTests;
				PRODUCT_NAME = "$(TARGET_NAME)";
				SWIFT_VERSION = 5.0;
				TARGETED_DEVICE_FAMILY = "1,2";
				TEST_HOST = "$(BUILT_PRODUCTS_DIR)/play.app/play";
			};
			name = Debug;
		};
		078C2DE6237630820060260A /* Release */ = {
			isa = XCBuildConfiguration;
			buildSettings = {
				ALWAYS_EMBED_SWIFT_STANDARD_LIBRARIES = YES;
				BUNDLE_LOADER = "$(TEST_HOST)";
				CODE_SIGN_STYLE = Automatic;
				INFOPLIST_FILE = playTests/Info.plist;
				IPHONEOS_DEPLOYMENT_TARGET = 13.2;
				LD_RUNPATH_SEARCH_PATHS = (
					"$(inherited)",
					"@executable_path/Frameworks",
					"@loader_path/Frameworks",
				);
				PRODUCT_BUNDLE_IDENTIFIER = com.ok2save.playTests;
				PRODUCT_NAME = "$(TARGET_NAME)";
				SWIFT_VERSION = 5.0;
				TARGETED_DEVICE_FAMILY = "1,2";
				TEST_HOST = "$(BUILT_PRODUCTS_DIR)/play.app/play";
			};
			name = Release;
		};
		078C2DE8237630820060260A /* Debug */ = {
			isa = XCBuildConfiguration;
			buildSettings = {
				ALWAYS_EMBED_SWIFT_STANDARD_LIBRARIES = YES;
				CODE_SIGN_STYLE = Automatic;
				INFOPLIST_FILE = playUITests/Info.plist;
				LD_RUNPATH_SEARCH_PATHS = (
					"$(inherited)",
					"@executable_path/Frameworks",
					"@loader_path/Frameworks",
				);
				PRODUCT_BUNDLE_IDENTIFIER = com.ok2save.playUITests;
				PRODUCT_NAME = "$(TARGET_NAME)";
				SWIFT_VERSION = 5.0;
				TARGETED_DEVICE_FAMILY = "1,2";
				TEST_TARGET_NAME = play;
			};
			name = Debug;
		};
		078C2DE9237630820060260A /* Release */ = {
			isa = XCBuildConfiguration;
			buildSettings = {
				ALWAYS_EMBED_SWIFT_STANDARD_LIBRARIES = YES;
				CODE_SIGN_STYLE = Automatic;
				INFOPLIST_FILE = playUITests/Info.plist;
				LD_RUNPATH_SEARCH_PATHS = (
					"$(inherited)",
					"@executable_path/Frameworks",
					"@loader_path/Frameworks",
				);
				PRODUCT_BUNDLE_IDENTIFIER = com.ok2save.playUITests;
				PRODUCT_NAME = "$(TARGET_NAME)";
				SWIFT_VERSION = 5.0;
				TARGETED_DEVICE_FAMILY = "1,2";
				TEST_TARGET_NAME = play;
			};
			name = Release;
		};
/* End XCBuildConfiguration section */

/* Begin XCConfigurationList section */
		078C2DB2237630810060260A /* Build configuration list for PBXProject "play" */ = {
			isa = XCConfigurationList;
			buildConfigurations = (
				078C2DDF237630820060260A /* Debug */,
				078C2DE0237630820060260A /* Release */,
			);
			defaultConfigurationIsVisible = 0;
			defaultConfigurationName = Release;
		};
		078C2DE1237630820060260A /* Build configuration list for PBXNativeTarget "play" */ = {
			isa = XCConfigurationList;
			buildConfigurations = (
				078C2DE2237630820060260A /* Debug */,
				078C2DE3237630820060260A /* Release */,
			);
			defaultConfigurationIsVisible = 0;
			defaultConfigurationName = Release;
		};
		078C2DE4237630820060260A /* Build configuration list for PBXNativeTarget "playTests" */ = {
			isa = XCConfigurationList;
			buildConfigurations = (
				078C2DE5237630820060260A /* Debug */,
				078C2DE6237630820060260A /* Release */,
			);
			defaultConfigurationIsVisible = 0;
			defaultConfigurationName = Release;
		};
		078C2DE7237630820060260A /* Build configuration list for PBXNativeTarget "playUITests" */ = {
			isa = XCConfigurationList;
			buildConfigurations = (
				078C2DE8237630820060260A /* Debug */,
				078C2DE9237630820060260A /* Release */,
			);
			defaultConfigurationIsVisible = 0;
			defaultConfigurationName = Release;
		};
/* End XCConfigurationList section */
	};
	rootObject = 078C2DAF237630810060260A /* Project object */;
}
